
Microsoft Visual Studio Solution File, Format Version 12.00
# Visual Studio 14
VisualStudioVersion = 14.0.25123.0
MinimumVisualStudioVersion = 10.0.40219.1
Project("{FAE04EC0-301F-11D3-BF4B-00C04F79EFBC}") = "HelloWorldProgram", "HelloWorldProgram\HelloWorldProgram.csproj", "{96EEDA26-8F23-4626-9190-86B0E08783F6}"
EndProject
Project("{FAE04EC0-301F-11D3-BF4B-00C04F79EFBC}") = "Project2", "..\Project2\Project2.csproj", "{7432E24D-579C-41BE-9CA6-1DFD7904A6C5}"
EndProject
Global
	GlobalSection(SolutionConfigurationPlatforms) = preSolution
		Debug|Any CPU = Debug|Any CPU
		Release|Any CPU = Release|Any CPU
	EndGlobalSection
	GlobalSection(ProjectConfigurationPlatforms) = postSolution
		{96EEDA26-8F23-4626-9190-86B0E08783F6}.Debug|Any CPU.ActiveCfg = Debug|Any CPU
		{96EEDA26-8F23-4626-9190-86B0E08783F6}.Debug|Any CPU.Build.0 = Debug|Any CPU
		{96EEDA26-8F23-4626-9190-86B0E08783F6}.Release|Any CPU.ActiveCfg = Release|Any CPU
		{96EEDA26-8F23-4626-9190-86B0E08783F6}.Release|Any CPU.Build.0 = Release|Any CPU
		{7432E24D-579C-41BE-9CA6-1DFD7904A6C5}.Debug|Any CPU.ActiveCfg = Debug|Any CPU
		{7432E24D-579C-41BE-9CA6-1DFD7904A6C5}.Debug|Any CPU.Build.0 = Debug|Any CPU
		{7432E24D-579C-41BE-9CA6-1DFD7904A6C5}.Release|Any CPU.ActiveCfg = Release|Any CPU
		{7432E24D-579C-41BE-9CA6-1DFD7904A6C5}.Release|Any CPU.Build.0 = Release|Any CPU
	EndGlobalSection
	GlobalSection(SolutionProperties) = preSolution
		HideSolutionNode = FALSE
	EndGlobalSection
EndGlobal
